
Microsoft Visual Studio Solution File, Format Version 12.00
# Visual Studio Version 17
VisualStudioVersion = 17.5.002.0
MinimumVisualStudioVersion = 10.0.40219.1
Project("{9A19103F-16F7-4668-BE54-9A1E7A4F7556}") = "MealPlanApi", "MealPlanApi.csproj", "{7B17639F-5525-42AD-A8A7-8A3E250E0BC0}"
EndProject
Global
	GlobalSection(SolutionConfigurationPlatforms) = preSolution
		Debug|Any CPU = Debug|Any CPU
		Release|Any CPU = Release|Any CPU
	EndGlobalSection
	GlobalSection(ProjectConfigurationPlatforms) = postSolution
		{7B17639F-5525-42AD-A8A7-8A3E250E0BC0}.Debug|Any CPU.ActiveCfg = Debug|Any CPU
		{7B17639F-5525-42AD-A8A7-8A3E250E0BC0}.Debug|Any CPU.Build.0 = Debug|Any CPU
		{7B17639F-5525-42AD-A8A7-8A3E250E0BC0}.Release|Any CPU.ActiveCfg = Release|Any CPU
		{7B17639F-5525-42AD-A8A7-8A3E250E0BC0}.Release|Any CPU.Build.0 = Release|Any CPU
	EndGlobalSection
	GlobalSection(SolutionProperties) = preSolution
		HideSolutionNode = FALSE
	EndGlobalSection
	GlobalSection(ExtensibilityGlobals) = postSolution
		SolutionGuid = {8A64373E-ED08-4F5A-AEE1-9361FA4E2EEF}
	EndGlobalSection
EndGlobal
